
Microsoft Visual Studio Solution File, Format Version 12.00
# Visual Studio Version 17
VisualStudioVersion = 17.0.32002.185
MinimumVisualStudioVersion = 10.0.40219.1
Project("{FAE04EC0-301F-11D3-BF4B-00C04F79EFBC}") = "Project.AdventureWorks2014.Entities", "Proje.AdventureWorks2014.Entities\Project.AdventureWorks2014.Entities.csproj", "{D0CF9BCB-3609-44F3-8917-4C5F9249629F}"
EndProject
Project("{FAE04EC0-301F-11D3-BF4B-00C04F79EFBC}") = "Project.Core", "Project.Core\Project.Core.csproj", "{2070C6EB-43B0-49C4-AFB0-DC7763D58A76}"
EndProject
Project("{FAE04EC0-301F-11D3-BF4B-00C04F79EFBC}") = "Project.AdventureWorks2014.DataAccess", "Project.AdventureWorks2014.DataAccess\Project.AdventureWorks2014.DataAccess.csproj", "{517398D0-33EC-4536-9547-4B625EB86A20}"
EndProject
Project("{FAE04EC0-301F-11D3-BF4B-00C04F79EFBC}") = "Project.AdventureWorks2014.Business", "Project.AdventureWorks2014.Business\Project.AdventureWorks2014.Business.csproj", "{7BF7ECD8-FB23-48D8-A2CB-8EC065963880}"
EndProject
Project("{FAE04EC0-301F-11D3-BF4B-00C04F79EFBC}") = "Project.AdventureWorks2014.MVCWebUI", "Project.AdventureWorks2014.MVCWebUI\Project.AdventureWorks2014.MVCWebUI.csproj", "{070B1776-ABFD-433A-9189-71E94441ED2E}"
EndProject
Global
	GlobalSection(SolutionConfigurationPlatforms) = preSolution
		Debug|Any CPU = Debug|Any CPU
		Release|Any CPU = Release|Any CPU
	EndGlobalSection
	GlobalSection(ProjectConfigurationPlatforms) = postSolution
		{D0CF9BCB-3609-44F3-8917-4C5F9249629F}.Debug|Any CPU.ActiveCfg = Debug|Any CPU
		{D0CF9BCB-3609-44F3-8917-4C5F9249629F}.Debug|Any CPU.Build.0 = Debug|Any CPU
		{D0CF9BCB-3609-44F3-8917-4C5F9249629F}.Release|Any CPU.ActiveCfg = Release|Any CPU
		{D0CF9BCB-3609-44F3-8917-4C5F9249629F}.Release|Any CPU.Build.0 = Release|Any CPU
		{2070C6EB-43B0-49C4-AFB0-DC7763D58A76}.Debug|Any CPU.ActiveCfg = Debug|Any CPU
		{2070C6EB-43B0-49C4-AFB0-DC7763D58A76}.Debug|Any CPU.Build.0 = Debug|Any CPU
		{2070C6EB-43B0-49C4-AFB0-DC7763D58A76}.Release|Any CPU.ActiveCfg = Release|Any CPU
		{2070C6EB-43B0-49C4-AFB0-DC7763D58A76}.Release|Any CPU.Build.0 = Release|Any CPU
		{517398D0-33EC-4536-9547-4B625EB86A20}.Debug|Any CPU.ActiveCfg = Debug|Any CPU
		{517398D0-33EC-4536-9547-4B625EB86A20}.Debug|Any CPU.Build.0 = Debug|Any CPU
		{517398D0-33EC-4536-9547-4B625EB86A20}.Release|Any CPU.ActiveCfg = Release|Any CPU
		{517398D0-33EC-4536-9547-4B625EB86A20}.Release|Any CPU.Build.0 = Release|Any CPU
		{7BF7ECD8-FB23-48D8-A2CB-8EC065963880}.Debug|Any CPU.ActiveCfg = Debug|Any CPU
		{7BF7ECD8-FB23-48D8-A2CB-8EC065963880}.Debug|Any CPU.Build.0 = Debug|Any CPU
		{7BF7ECD8-FB23-48D8-A2CB-8EC065963880}.Release|Any CPU.ActiveCfg = Release|Any CPU
		{7BF7ECD8-FB23-48D8-A2CB-8EC065963880}.Release|Any CPU.Build.0 = Release|Any CPU
		{070B1776-ABFD-433A-9189-71E94441ED2E}.Debug|Any CPU.ActiveCfg = Debug|Any CPU
		{070B1776-ABFD-433A-9189-71E94441ED2E}.Debug|Any CPU.Build.0 = Debug|Any CPU
		{070B1776-ABFD-433A-9189-71E94441ED2E}.Release|Any CPU.ActiveCfg = Release|Any CPU
		{070B1776-ABFD-433A-9189-71E94441ED2E}.Release|Any CPU.Build.0 = Release|Any CPU
	EndGlobalSection
	GlobalSection(SolutionProperties) = preSolution
		HideSolutionNode = FALSE
	EndGlobalSection
	GlobalSection(ExtensibilityGlobals) = postSolution
		SolutionGuid = {05DBB365-71B2-44A3-8D41-9D5F6B1B8EE3}
	EndGlobalSection
EndGlobal
